{
    "_meta": {
        "hash": {
            "sha256": "2a0b0c941bad31d745fd6c859fd5ee6f46948417d7523a48854eeccb209da5a3"
        },
        "pipfile-spec": 6,
        "requires": {
            "python_version": "3.7.1"
        },
        "sources": [
            {
                "name": "pypi",
                "url": "https://pypi.org/simple",
                "verify_ssl": true
            }
        ]
    },
    "default": {},
    "develop": {}
}
